{
  "requires": true,
  "lockfileVersion": 1,
  "dependencies": {
    "@simonwep/pickr": {
      "version": "1.2.4",
      "resolved": "https://registry.npmjs.org/@simonwep/pickr/-/pickr-1.2.4.tgz",
      "integrity": "sha512-9NO0WlxHJnxpTH1a0kqLpHMpWArd4+UO+NKOI2FKrloqStg+C6AJJgOQor9P1EKJ1yueUNEI+DSba+hYe5LoSA=="
    }
  }
}
